
Microsoft Visual Studio Solution File, Format Version 12.00
# Visual Studio Version 17
VisualStudioVersion = 17.1.32414.318
MinimumVisualStudioVersion = 10.0.40219.1
Project("{FAE04EC0-301F-11D3-BF4B-00C04F79EFBC}") = "CodeWar", "CodeWar\CodeWar.csproj", "{0FCB644B-EBB0-43A9-AE02-4BFF269814CB}"
EndProject
Global
	GlobalSection(SolutionConfigurationPlatforms) = preSolution
		Debug|Any CPU = Debug|Any CPU
		Release|Any CPU = Release|Any CPU
	EndGlobalSection
	GlobalSection(ProjectConfigurationPlatforms) = postSolution
		{0FCB644B-EBB0-43A9-AE02-4BFF269814CB}.Debug|Any CPU.ActiveCfg = Debug|Any CPU
		{0FCB644B-EBB0-43A9-AE02-4BFF269814CB}.Debug|Any CPU.Build.0 = Debug|Any CPU
		{0FCB644B-EBB0-43A9-AE02-4BFF269814CB}.Release|Any CPU.ActiveCfg = Release|Any CPU
		{0FCB644B-EBB0-43A9-AE02-4BFF269814CB}.Release|Any CPU.Build.0 = Release|Any CPU
	EndGlobalSection
	GlobalSection(SolutionProperties) = preSolution
		HideSolutionNode = FALSE
	EndGlobalSection
	GlobalSection(ExtensibilityGlobals) = postSolution
		SolutionGuid = {7F915377-E35F-4B42-9AEA-3854E9C4984C}
	EndGlobalSection
EndGlobal
